
Microsoft Visual Studio Solution File, Format Version 12.00
# Visual Studio 15
Project("{FAE04EC0-301F-11D3-BF4B-00C04F79EFBC}") = "UbudKusCoin", "UbudKusCoin\UbudKusCoin.csproj", "{BC93EA5B-096B-4AAE-8126-E9F15D2775EB}"
EndProject
Project("{2150E333-8FDC-42A3-9474-1A3956D46DE8}") = "Solution Items", "Solution Items", "{726E9E22-FEB4-48B3-81F5-943A4AE9723B}"
	ProjectSection(SolutionItems) = preProject
		.gitignore = .gitignore
	EndProjectSection
EndProject
Project("{FAE04EC0-301F-11D3-BF4B-00C04F79EFBC}") = "Grpc-Service", "grpc-service\grpc-service.csproj", "{E3CB5048-FA1B-4928-B97B-AAAE4B421380}"
EndProject
Global
	GlobalSection(SolutionConfigurationPlatforms) = preSolution
		Debug|Any CPU = Debug|Any CPU
		Release|Any CPU = Release|Any CPU
	EndGlobalSection
	GlobalSection(ProjectConfigurationPlatforms) = postSolution
		{BC93EA5B-096B-4AAE-8126-E9F15D2775EB}.Debug|Any CPU.ActiveCfg = Debug|Any CPU
		{BC93EA5B-096B-4AAE-8126-E9F15D2775EB}.Debug|Any CPU.Build.0 = Debug|Any CPU
		{BC93EA5B-096B-4AAE-8126-E9F15D2775EB}.Release|Any CPU.ActiveCfg = Release|Any CPU
		{BC93EA5B-096B-4AAE-8126-E9F15D2775EB}.Release|Any CPU.Build.0 = Release|Any CPU
		{E3CB5048-FA1B-4928-B97B-AAAE4B421380}.Debug|Any CPU.ActiveCfg = Debug|Any CPU
		{E3CB5048-FA1B-4928-B97B-AAAE4B421380}.Debug|Any CPU.Build.0 = Debug|Any CPU
		{E3CB5048-FA1B-4928-B97B-AAAE4B421380}.Release|Any CPU.ActiveCfg = Release|Any CPU
		{E3CB5048-FA1B-4928-B97B-AAAE4B421380}.Release|Any CPU.Build.0 = Release|Any CPU
	EndGlobalSection
EndGlobal
